// !$*UTF8*$!
{
	archiveVersion = 1;
	classes = {
	};
	objectVersion = 51;
	objects = {

/* Begin PBXBuildFile section */
		1C06D8F024D142EC00B734BB /* GoogleService-Info.plist in Resources */ = {isa = PBXBuildFile; fileRef = 1C06D8EF24D142EC00B734BB /* GoogleService-Info.plist */; };
		1C06D8F324D28F2300B734BB /* JsonToCrossword.swift in Sources */ = {isa = PBXBuildFile; fileRef = 1C06D8F224D28F2300B734BB /* JsonToCrossword.swift */; };
		1C08D87E24CB62ED006AF7A0 /* DataBuilder.swift in Sources */ = {isa = PBXBuildFile; fileRef = 1C08D87D24CB62ED006AF7A0 /* DataBuilder.swift */; };
		1C1EA90F24DE765D00A67BA9 /* SettingsView.swift in Sources */ = {isa = PBXBuildFile; fileRef = 1C1EA90E24DE765D00A67BA9 /* SettingsView.swift */; };
		1C3D87E8274976BA001A7591 /* ChangeFocusUtils.swift in Sources */ = {isa = PBXBuildFile; fileRef = 1C3D87E7274976BA001A7591 /* ChangeFocusUtils.swift */; };
		1C4FF2562501D074002BBE48 /* NavigationBarModifier.swift in Sources */ = {isa = PBXBuildFile; fileRef = 1C4FF2552501D074002BBE48 /* NavigationBarModifier.swift */; };
		1C6A26B724CA7340002F8DAD /* CrosswordCellView.swift in Sources */ = {isa = PBXBuildFile; fileRef = 1C6A26B624CA7340002F8DAD /* CrosswordCellView.swift */; };
		1C73206824C4F44000240AF8 /* AppDelegate.swift in Sources */ = {isa = PBXBuildFile; fileRef = 1C73206724C4F44000240AF8 /* AppDelegate.swift */; };
		1C73206A24C4F44000240AF8 /* SceneDelegate.swift in Sources */ = {isa = PBXBuildFile; fileRef = 1C73206924C4F44000240AF8 /* SceneDelegate.swift */; };
		1C73206D24C4F44000240AF8 /* crosswords.xcdatamodeld in Sources */ = {isa = PBXBuildFile; fileRef = 1C73206B24C4F44000240AF8 /* crosswords.xcdatamodeld */; };
		1C73206F24C4F44000240AF8 /* CrosswordListView.swift in Sources */ = {isa = PBXBuildFile; fileRef = 1C73206E24C4F44000240AF8 /* CrosswordListView.swift */; };
		1C73207124C4F44200240AF8 /* Assets.xcassets in Resources */ = {isa = PBXBuildFile; fileRef = 1C73207024C4F44200240AF8 /* Assets.xcassets */; };
		1C73207424C4F44200240AF8 /* Preview Assets.xcassets in Resources */ = {isa = PBXBuildFile; fileRef = 1C73207324C4F44200240AF8 /* Preview Assets.xcassets */; };
		1C73207724C4F44200240AF8 /* LaunchScreen.storyboard in Resources */ = {isa = PBXBuildFile; fileRef = 1C73207524C4F44200240AF8 /* LaunchScreen.storyboard */; };
		1C73208D24C688A800240AF8 /* CrosswordView.swift in Sources */ = {isa = PBXBuildFile; fileRef = 1C73208C24C688A800240AF8 /* CrosswordView.swift */; };
		1CBB3F572584040000BD1B5A /* UITextField+Toolbar.swift in Sources */ = {isa = PBXBuildFile; fileRef = 1CBB3F562584040000BD1B5A /* UITextField+Toolbar.swift */; };
		1CBB3F5B2586DC8B00BD1B5A /* KeyboardHeightHelper.swift in Sources */ = {isa = PBXBuildFile; fileRef = 1CBB3F5A2586DC8B00BD1B5A /* KeyboardHeightHelper.swift */; };
		8FF77E4AF3B2C6617E786F64 /* Pods_crosswords.framework in Frameworks */ = {isa = PBXBuildFile; fileRef = 7023B19304F84E38529C2F4E /* Pods_crosswords.framework */; };
/* End PBXBuildFile section */

/* Begin PBXFileReference section */
		1C06D8EF24D142EC00B734BB /* GoogleService-Info.plist */ = {isa = PBXFileReference; fileEncoding = 4; lastKnownFileType = text.plist.xml; path = "GoogleService-Info.plist"; sourceTree = "<group>"; };
		1C06D8F224D28F2300B734BB /* JsonToCrossword.swift */ = {isa = PBXFileReference; lastKnownFileType = sourcecode.swift; path = JsonToCrossword.swift; sourceTree = "<group>"; };
		1C08D87D24CB62ED006AF7A0 /* DataBuilder.swift */ = {isa = PBXFileReference; lastKnownFileType = sourcecode.swift; path = DataBuilder.swift; sourceTree = "<group>"; };
		1C1B32528D01C514E4C01B6F /* Pods-crosswords.release.xcconfig */ = {isa = PBXFileReference; includeInIndex = 1; lastKnownFileType = text.xcconfig; name = "Pods-crosswords.release.xcconfig"; path = "Target Support Files/Pods-crosswords/Pods-crosswords.release.xcconfig"; sourceTree = "<group>"; };
		1C1EA90E24DE765D00A67BA9 /* SettingsView.swift */ = {isa = PBXFileReference; lastKnownFileType = sourcecode.swift; path = SettingsView.swift; sourceTree = "<group>"; };
		1C3D87E7274976BA001A7591 /* ChangeFocusUtils.swift */ = {isa = PBXFileReference; lastKnownFileType = sourcecode.swift; path = ChangeFocusUtils.swift; sourceTree = "<group>"; };
		1C4FF2552501D074002BBE48 /* NavigationBarModifier.swift */ = {isa = PBXFileReference; lastKnownFileType = sourcecode.swift; path = NavigationBarModifier.swift; sourceTree = "<group>"; };
		1C6A26B624CA7340002F8DAD /* CrosswordCellView.swift */ = {isa = PBXFileReference; lastKnownFileType = sourcecode.swift; path = CrosswordCellView.swift; sourceTree = "<group>"; };
		1C73206424C4F44000240AF8 /* OmniCrosswords.app */ = {isa = PBXFileReference; explicitFileType = wrapper.application; includeInIndex = 0; path = OmniCrosswords.app; sourceTree = BUILT_PRODUCTS_DIR; };
		1C73206724C4F44000240AF8 /* AppDelegate.swift */ = {isa = PBXFileReference; lastKnownFileType = sourcecode.swift; path = AppDelegate.swift; sourceTree = "<group>"; };
		1C73206924C4F44000240AF8 /* SceneDelegate.swift */ = {isa = PBXFileReference; lastKnownFileType = sourcecode.swift; path = SceneDelegate.swift; sourceTree = "<group>"; };
		1C73206C24C4F44000240AF8 /* crosswords.xcdatamodel */ = {isa = PBXFileReference; lastKnownFileType = wrapper.xcdatamodel; path = crosswords.xcdatamodel; sourceTree = "<group>"; };
		1C73206E24C4F44000240AF8 /* CrosswordListView.swift */ = {isa = PBXFileReference; lastKnownFileType = sourcecode.swift; path = CrosswordListView.swift; sourceTree = "<group>"; };
		1C73207024C4F44200240AF8 /* Assets.xcassets */ = {isa = PBXFileReference; lastKnownFileType = folder.assetcatalog; path = Assets.xcassets; sourceTree = "<group>"; };
		1C73207324C4F44200240AF8 /* Preview Assets.xcassets */ = {isa = PBXFileReference; lastKnownFileType = folder.assetcatalog; path = "Preview Assets.xcassets"; sourceTree = "<group>"; };
		1C73207624C4F44200240AF8 /* Base */ = {isa = PBXFileReference; lastKnownFileType = file.storyboard; name = Base; path = Base.lproj/LaunchScreen.storyboard; sourceTree = "<group>"; };
		1C73207824C4F44200240AF8 /* Info.plist */ = {isa = PBXFileReference; lastKnownFileType = text.plist.xml; path = Info.plist; sourceTree = "<group>"; };
		1C73208C24C688A800240AF8 /* CrosswordView.swift */ = {isa = PBXFileReference; lastKnownFileType = sourcecode.swift; path = CrosswordView.swift; sourceTree = "<group>"; };
		1CBB3F562584040000BD1B5A /* UITextField+Toolbar.swift */ = {isa = PBXFileReference; lastKnownFileType = sourcecode.swift; path = "UITextField+Toolbar.swift"; sourceTree = "<group>"; };
		1CBB3F5A2586DC8B00BD1B5A /* KeyboardHeightHelper.swift */ = {isa = PBXFileReference; lastKnownFileType = sourcecode.swift; path = KeyboardHeightHelper.swift; sourceTree = "<group>"; };
		7023B19304F84E38529C2F4E /* Pods_crosswords.framework */ = {isa = PBXFileReference; explicitFileType = wrapper.framework; includeInIndex = 0; path = Pods_crosswords.framework; sourceTree = BUILT_PRODUCTS_DIR; };
		F7CC2A8854497EB136E8E3D9 /* Pods-crosswords.debug.xcconfig */ = {isa = PBXFileReference; includeInIndex = 1; lastKnownFileType = text.xcconfig; name = "Pods-crosswords.debug.xcconfig"; path = "Target Support Files/Pods-crosswords/Pods-crosswords.debug.xcconfig"; sourceTree = "<group>"; };
/* End PBXFileReference section */

/* Begin PBXFrameworksBuildPhase section */
		1C73206124C4F44000240AF8 /* Frameworks */ = {
			isa = PBXFrameworksBuildPhase;
			buildActionMask = 2147483647;
			files = (
				8FF77E4AF3B2C6617E786F64 /* Pods_crosswords.framework in Frameworks */,
			);
			runOnlyForDeploymentPostprocessing = 0;
		};
/* End PBXFrameworksBuildPhase section */

/* Begin PBXGroup section */
		1C06D8F124D28F0700B734BB /* Firebase */ = {
			isa = PBXGroup;
			children = (
				1C06D8F224D28F2300B734BB /* JsonToCrossword.swift */,
			);
			path = Firebase;
			sourceTree = "<group>";
		};
		1C4FF2542501D061002BBE48 /* Utils */ = {
			isa = PBXGroup;
			children = (
				1C4FF2552501D074002BBE48 /* NavigationBarModifier.swift */,
				1CBB3F562584040000BD1B5A /* UITextField+Toolbar.swift */,
				1CBB3F5A2586DC8B00BD1B5A /* KeyboardHeightHelper.swift */,
				1C3D87E7274976BA001A7591 /* ChangeFocusUtils.swift */,
			);
			path = Utils;
			sourceTree = "<group>";
		};
		1C6A26B524CA7311002F8DAD /* Views */ = {
			isa = PBXGroup;
			children = (
				1C73206E24C4F44000240AF8 /* CrosswordListView.swift */,
				1C73208C24C688A800240AF8 /* CrosswordView.swift */,
				1C6A26B624CA7340002F8DAD /* CrosswordCellView.swift */,
				1C1EA90E24DE765D00A67BA9 /* SettingsView.swift */,
			);
			path = Views;
			sourceTree = "<group>";
		};
		1C73205B24C4F44000240AF8 = {
			isa = PBXGroup;
			children = (
				1C73206624C4F44000240AF8 /* crosswords */,
				1C73206524C4F44000240AF8 /* Products */,
				55C1F8DEE41D38B1C9084B2F /* Pods */,
				CAD8A5F0AF0C67205CC6CDC2 /* Frameworks */,
			);
			sourceTree = "<group>";
		};
		1C73206524C4F44000240AF8 /* Products */ = {
			isa = PBXGroup;
			children = (
				1C73206424C4F44000240AF8 /* OmniCrosswords.app */,
			);
			name = Products;
			sourceTree = "<group>";
		};
		1C73206624C4F44000240AF8 /* crosswords */ = {
			isa = PBXGroup;
			children = (
				1C4FF2542501D061002BBE48 /* Utils */,
				1C06D8F124D28F0700B734BB /* Firebase */,
				1C6A26B524CA7311002F8DAD /* Views */,
				1C73206724C4F44000240AF8 /* AppDelegate.swift */,
				1C73206924C4F44000240AF8 /* SceneDelegate.swift */,
				1C73207024C4F44200240AF8 /* Assets.xcassets */,
				1C73207524C4F44200240AF8 /* LaunchScreen.storyboard */,
				1C73207824C4F44200240AF8 /* Info.plist */,
				1C06D8EF24D142EC00B734BB /* GoogleService-Info.plist */,
				1C73206B24C4F44000240AF8 /* crosswords.xcdatamodeld */,
				1C73207224C4F44200240AF8 /* Preview Content */,
				1C08D87D24CB62ED006AF7A0 /* DataBuilder.swift */,
			);
			path = crosswords;
			sourceTree = "<group>";
		};
		1C73207224C4F44200240AF8 /* Preview Content */ = {
			isa = PBXGroup;
			children = (
				1C73207324C4F44200240AF8 /* Preview Assets.xcassets */,
			);
			path = "Preview Content";
			sourceTree = "<group>";
		};
		55C1F8DEE41D38B1C9084B2F /* Pods */ = {
			isa = PBXGroup;
			children = (
				F7CC2A8854497EB136E8E3D9 /* Pods-crosswords.debug.xcconfig */,
				1C1B32528D01C514E4C01B6F /* Pods-crosswords.release.xcconfig */,
			);
			path = Pods;
			sourceTree = "<group>";
		};
		CAD8A5F0AF0C67205CC6CDC2 /* Frameworks */ = {
			isa = PBXGroup;
			children = (
				7023B19304F84E38529C2F4E /* Pods_crosswords.framework */,
			);
			name = Frameworks;
			sourceTree = "<group>";
		};
/* End PBXGroup section */

/* Begin PBXNativeTarget section */
		1C73206324C4F44000240AF8 /* crosswords */ = {
			isa = PBXNativeTarget;
			buildConfigurationList = 1C73207B24C4F44200240AF8 /* Build configuration list for PBXNativeTarget "crosswords" */;
			buildPhases = (
				ED6E297EF29A5B5EBFF2943C /* [CP] Check Pods Manifest.lock */,
				1C73206024C4F44000240AF8 /* Sources */,
				1C73206124C4F44000240AF8 /* Frameworks */,
				1C73206224C4F44000240AF8 /* Resources */,
				E4E2B0F518F9227584C0ECC7 /* [CP] Embed Pods Frameworks */,
			);
			buildRules = (
			);
			dependencies = (
			);
			name = crosswords;
			productName = crosswords;
			productReference = 1C73206424C4F44000240AF8 /* OmniCrosswords.app */;
			productType = "com.apple.product-type.application";
		};
/* End PBXNativeTarget section */

/* Begin PBXProject section */
		1C73205C24C4F44000240AF8 /* Project object */ = {
			isa = PBXProject;
			attributes = {
				LastSwiftUpdateCheck = 1150;
				LastUpgradeCheck = 1150;
				ORGANIZATIONNAME = "Rohan Narayan";
				TargetAttributes = {
					1C73206324C4F44000240AF8 = {
						CreatedOnToolsVersion = 11.5;
					};
				};
			};
			buildConfigurationList = 1C73205F24C4F44000240AF8 /* Build configuration list for PBXProject "crosswords" */;
			compatibilityVersion = "Xcode 9.3";
			developmentRegion = en;
			hasScannedForEncodings = 0;
			knownRegions = (
				en,
				Base,
			);
			mainGroup = 1C73205B24C4F44000240AF8;
			productRefGroup = 1C73206524C4F44000240AF8 /* Products */;
			projectDirPath = "";
			projectRoot = "";
			targets = (
				1C73206324C4F44000240AF8 /* crosswords */,
			);
		};
/* End PBXProject section */

/* Begin PBXResourcesBuildPhase section */
		1C73206224C4F44000240AF8 /* Resources */ = {
			isa = PBXResourcesBuildPhase;
			buildActionMask = 2147483647;
			files = (
				1C73207724C4F44200240AF8 /* LaunchScreen.storyboard in Resources */,
				1C06D8F024D142EC00B734BB /* GoogleService-Info.plist in Resources */,
				1C73207424C4F44200240AF8 /* Preview Assets.xcassets in Resources */,
				1C73207124C4F44200240AF8 /* Assets.xcassets in Resources */,
			);
			runOnlyForDeploymentPostprocessing = 0;
		};
/* End PBXResourcesBuildPhase section */

/* Begin PBXShellScriptBuildPhase section */
		E4E2B0F518F9227584C0ECC7 /* [CP] Embed Pods Frameworks */ = {
			isa = PBXShellScriptBuildPhase;
			buildActionMask = 2147483647;
			files = (
			);
			inputFileListPaths = (
				"${PODS_ROOT}/Target Support Files/Pods-crosswords/Pods-crosswords-frameworks-${CONFIGURATION}-input-files.xcfilelist",
			);
			name = "[CP] Embed Pods Frameworks";
			outputFileListPaths = (
				"${PODS_ROOT}/Target Support Files/Pods-crosswords/Pods-crosswords-frameworks-${CONFIGURATION}-output-files.xcfilelist",
			);
			runOnlyForDeploymentPostprocessing = 0;
			shellPath = /bin/sh;
			shellScript = "\"${PODS_ROOT}/Target Support Files/Pods-crosswords/Pods-crosswords-frameworks.sh\"\n";
			showEnvVarsInLog = 0;
		};
		ED6E297EF29A5B5EBFF2943C /* [CP] Check Pods Manifest.lock */ = {
			isa = PBXShellScriptBuildPhase;
			buildActionMask = 2147483647;
			files = (
			);
			inputFileListPaths = (
			);
			inputPaths = (
				"${PODS_PODFILE_DIR_PATH}/Podfile.lock",
				"${PODS_ROOT}/Manifest.lock",
			);
			name = "[CP] Check Pods Manifest.lock";
			outputFileListPaths = (
			);
			outputPaths = (
				"$(DERIVED_FILE_DIR)/Pods-crosswords-checkManifestLockResult.txt",
			);
			runOnlyForDeploymentPostprocessing = 0;
			shellPath = /bin/sh;
			shellScript = "diff \"${PODS_PODFILE_DIR_PATH}/Podfile.lock\" \"${PODS_ROOT}/Manifest.lock\" > /dev/null\nif [ $? != 0 ] ; then\n    # print error to STDERR\n    echo \"error: The sandbox is not in sync with the Podfile.lock. Run 'pod install' or update your CocoaPods installation.\" >&2\n    exit 1\nfi\n# This output is used by Xcode 'outputs' to avoid re-running this script phase.\necho \"SUCCESS\" > \"${SCRIPT_OUTPUT_FILE_0}\"\n";
			showEnvVarsInLog = 0;
		};
/* End PBXShellScriptBuildPhase section */

/* Begin PBXSourcesBuildPhase section */
		1C73206024C4F44000240AF8 /* Sources */ = {
			isa = PBXSourcesBuildPhase;
			buildActionMask = 2147483647;
			files = (
				1C4FF2562501D074002BBE48 /* NavigationBarModifier.swift in Sources */,
				1C73206824C4F44000240AF8 /* AppDelegate.swift in Sources */,
				1C73206A24C4F44000240AF8 /* SceneDelegate.swift in Sources */,
				1C3D87E8274976BA001A7591 /* ChangeFocusUtils.swift in Sources */,
				1CBB3F5B2586DC8B00BD1B5A /* KeyboardHeightHelper.swift in Sources */,
				1C73206F24C4F44000240AF8 /* CrosswordListView.swift in Sources */,
				1C1EA90F24DE765D00A67BA9 /* SettingsView.swift in Sources */,
				1C6A26B724CA7340002F8DAD /* CrosswordCellView.swift in Sources */,
				1CBB3F572584040000BD1B5A /* UITextField+Toolbar.swift in Sources */,
				1C08D87E24CB62ED006AF7A0 /* DataBuilder.swift in Sources */,
				1C73206D24C4F44000240AF8 /* crosswords.xcdatamodeld in Sources */,
				1C06D8F324D28F2300B734BB /* JsonToCrossword.swift in Sources */,
				1C73208D24C688A800240AF8 /* CrosswordView.swift in Sources */,
			);
			runOnlyForDeploymentPostprocessing = 0;
		};
/* End PBXSourcesBuildPhase section */

/* Begin PBXVariantGroup section */
		1C73207524C4F44200240AF8 /* LaunchScreen.storyboard */ = {
			isa = PBXVariantGroup;
			children = (
				1C73207624C4F44200240AF8 /* Base */,
			);
			name = LaunchScreen.storyboard;
			sourceTree = "<group>";
		};
/* End PBXVariantGroup section */

/* Begin XCBuildConfiguration section */
		1C73207924C4F44200240AF8 /* Debug */ = {
			isa = XCBuildConfiguration;
			buildSettings = {
				ALWAYS_SEARCH_USER_PATHS = NO;
				CLANG_ANALYZER_NONNULL = YES;
				CLANG_ANALYZER_NUMBER_OBJECT_CONVERSION = YES_AGGRESSIVE;
				CLANG_CXX_LANGUAGE_STANDARD = "gnu++14";
				CLANG_CXX_LIBRARY = "libc++";
				CLANG_ENABLE_MODULES = YES;
				CLANG_ENABLE_OBJC_ARC = YES;
				CLANG_ENABLE_OBJC_WEAK = YES;
				CLANG_WARN_BLOCK_CAPTURE_AUTORELEASING = YES;
				CLANG_WARN_BOOL_CONVERSION = YES;
				CLANG_WARN_COMMA = YES;
				CLANG_WARN_CONSTANT_CONVERSION = YES;
				CLANG_WARN_DEPRECATED_OBJC_IMPLEMENTATIONS = YES;
				CLANG_WARN_DIRECT_OBJC_ISA_USAGE = YES_ERROR;
				CLANG_WARN_DOCUMENTATION_COMMENTS = YES;
				CLANG_WARN_EMPTY_BODY = YES;
				CLANG_WARN_ENUM_CONVERSION = YES;
				CLANG_WARN_INFINITE_RECURSION = YES;
				CLANG_WARN_INT_CONVERSION = YES;
				CLANG_WARN_NON_LITERAL_NULL_CONVERSION = YES;
				CLANG_WARN_OBJC_IMPLICIT_RETAIN_SELF = YES;
				CLANG_WARN_OBJC_LITERAL_CONVERSION = YES;
				CLANG_WARN_OBJC_ROOT_CLASS = YES_ERROR;
				CLANG_WARN_RANGE_LOOP_ANALYSIS = YES;
				CLANG_WARN_STRICT_PROTOTYPES = YES;
				CLANG_WARN_SUSPICIOUS_MOVE = YES;
				CLANG_WARN_UNGUARDED_AVAILABILITY = YES_AGGRESSIVE;
				CLANG_WARN_UNREACHABLE_CODE = YES;
				CLANG_WARN__DUPLICATE_METHOD_MATCH = YES;
				COPY_PHASE_STRIP = NO;
				DEBUG_INFORMATION_FORMAT = dwarf;
				ENABLE_STRICT_OBJC_MSGSEND = YES;
				ENABLE_TESTABILITY = YES;
				GCC_C_LANGUAGE_STANDARD = gnu11;
				GCC_DYNAMIC_NO_PIC = NO;
				GCC_NO_COMMON_BLOCKS = YES;
				GCC_OPTIMIZATION_LEVEL = 0;
				GCC_PREPROCESSOR_DEFINITIONS = (
					"DEBUG=1",
					"$(inherited)",
				);
				GCC_WARN_64_TO_32_BIT_CONVERSION = YES;
				GCC_WARN_ABOUT_RETURN_TYPE = YES_ERROR;
				GCC_WARN_UNDECLARED_SELECTOR = YES;
				GCC_WARN_UNINITIALIZED_AUTOS = YES_AGGRESSIVE;
				GCC_WARN_UNUSED_FUNCTION = YES;
				GCC_WARN_UNUSED_VARIABLE = YES;
				IPHONEOS_DEPLOYMENT_TARGET = 13.5;
				MTL_ENABLE_DEBUG_INFO = INCLUDE_SOURCE;
				MTL_FAST_MATH = YES;
				ONLY_ACTIVE_ARCH = YES;
				SDKROOT = iphoneos;
				SWIFT_ACTIVE_COMPILATION_CONDITIONS = DEBUG;
				SWIFT_OPTIMIZATION_LEVEL = "-Onone";
			};
			name = Debug;
		};
		1C73207A24C4F44200240AF8 /* Release */ = {
			isa = XCBuildConfiguration;
			buildSettings = {
				ALWAYS_SEARCH_USER_PATHS = NO;
				CLANG_ANALYZER_NONNULL = YES;
				CLANG_ANALYZER_NUMBER_OBJECT_CONVERSION = YES_AGGRESSIVE;
				CLANG_CXX_LANGUAGE_STANDARD = "gnu++14";
				CLANG_CXX_LIBRARY = "libc++";
				CLANG_ENABLE_MODULES = YES;
				CLANG_ENABLE_OBJC_ARC = YES;
				CLANG_ENABLE_OBJC_WEAK = YES;
				CLANG_WARN_BLOCK_CAPTURE_AUTORELEASING = YES;
				CLANG_WARN_BOOL_CONVERSION = YES;
				CLANG_WARN_COMMA = YES;
				CLANG_WARN_CONSTANT_CONVERSION = YES;
				CLANG_WARN_DEPRECATED_OBJC_IMPLEMENTATIONS = YES;
				CLANG_WARN_DIRECT_OBJC_ISA_USAGE = YES_ERROR;
				CLANG_WARN_DOCUMENTATION_COMMENTS = YES;
				CLANG_WARN_EMPTY_BODY = YES;
				CLANG_WARN_ENUM_CONVERSION = YES;
				CLANG_WARN_INFINITE_RECURSION = YES;
				CLANG_WARN_INT_CONVERSION = YES;
				CLANG_WARN_NON_LITERAL_NULL_CONVERSION = YES;
				CLANG_WARN_OBJC_IMPLICIT_RETAIN_SELF = YES;
				CLANG_WARN_OBJC_LITERAL_CONVERSION = YES;
				CLANG_WARN_OBJC_ROOT_CLASS = YES_ERROR;
				CLANG_WARN_RANGE_LOOP_ANALYSIS = YES;
				CLANG_WARN_STRICT_PROTOTYPES = YES;
				CLANG_WARN_SUSPICIOUS_MOVE = YES;
				CLANG_WARN_UNGUARDED_AVAILABILITY = YES_AGGRESSIVE;
				CLANG_WARN_UNREACHABLE_CODE = YES;
				CLANG_WARN__DUPLICATE_METHOD_MATCH = YES;
				COPY_PHASE_STRIP = NO;
				DEBUG_INFORMATION_FORMAT = "dwarf-with-dsym";
				ENABLE_NS_ASSERTIONS = NO;
				ENABLE_STRICT_OBJC_MSGSEND = YES;
				GCC_C_LANGUAGE_STANDARD = gnu11;
				GCC_NO_COMMON_BLOCKS = YES;
				GCC_WARN_64_TO_32_BIT_CONVERSION = YES;
				GCC_WARN_ABOUT_RETURN_TYPE = YES_ERROR;
				GCC_WARN_UNDECLARED_SELECTOR = YES;
				GCC_WARN_UNINITIALIZED_AUTOS = YES_AGGRESSIVE;
				GCC_WARN_UNUSED_FUNCTION = YES;
				GCC_WARN_UNUSED_VARIABLE = YES;
				IPHONEOS_DEPLOYMENT_TARGET = 13.5;
				MTL_ENABLE_DEBUG_INFO = NO;
				MTL_FAST_MATH = YES;
				SDKROOT = iphoneos;
				SWIFT_COMPILATION_MODE = wholemodule;
				SWIFT_OPTIMIZATION_LEVEL = "-O";
				VALIDATE_PRODUCT = YES;
			};
			name = Release;
		};
		1C73207C24C4F44200240AF8 /* Debug */ = {
			isa = XCBuildConfiguration;
			baseConfigurationReference = F7CC2A8854497EB136E8E3D9 /* Pods-crosswords.debug.xcconfig */;
			buildSettings = {
				ASSETCATALOG_COMPILER_APPICON_NAME = AppIcon;
				CODE_SIGN_STYLE = Automatic;
				CURRENT_PROJECT_VERSION = 1;
				DEBUG_INFORMATION_FORMAT = dwarf;
				DEVELOPMENT_ASSET_PATHS = "\"crosswords/Preview Content\"";
				DEVELOPMENT_TEAM = C7CVG856AD;
				ENABLE_PREVIEWS = YES;
				INFOPLIST_FILE = crosswords/Info.plist;
				IPHONEOS_DEPLOYMENT_TARGET = 14.0;
				LD_RUNPATH_SEARCH_PATHS = (
					"$(inherited)",
					"@executable_path/Frameworks",
				);
				MARKETING_VERSION = 1.3.6;
				PRODUCT_BUNDLE_IDENTIFIER = com.RohanNarayan.omniCrosswords;
				PRODUCT_NAME = OmniCrosswords;
				SWIFT_VERSION = 5.0;
				TARGETED_DEVICE_FAMILY = "1,2";
			};
			name = Debug;
		};
		1C73207D24C4F44200240AF8 /* Release */ = {
			isa = XCBuildConfiguration;
			baseConfigurationReference = 1C1B32528D01C514E4C01B6F /* Pods-crosswords.release.xcconfig */;
			buildSettings = {
				ASSETCATALOG_COMPILER_APPICON_NAME = AppIcon;
				CODE_SIGN_STYLE = Automatic;
				CURRENT_PROJECT_VERSION = 1;
				DEBUG_INFORMATION_FORMAT = dwarf;
				DEVELOPMENT_ASSET_PATHS = "\"crosswords/Preview Content\"";
				DEVELOPMENT_TEAM = C7CVG856AD;
				ENABLE_PREVIEWS = YES;
				INFOPLIST_FILE = crosswords/Info.plist;
				IPHONEOS_DEPLOYMENT_TARGET = 14.0;
				LD_RUNPATH_SEARCH_PATHS = (
					"$(inherited)",
					"@executable_path/Frameworks",
				);
				MARKETING_VERSION = 1.3.6;
				PRODUCT_BUNDLE_IDENTIFIER = com.RohanNarayan.omniCrosswords;
				PRODUCT_NAME = OmniCrosswords;
				SWIFT_VERSION = 5.0;
				TARGETED_DEVICE_FAMILY = "1,2";
			};
			name = Release;
		};
/* End XCBuildConfiguration section */

/* Begin XCConfigurationList section */
		1C73205F24C4F44000240AF8 /* Build configuration list for PBXProject "crosswords" */ = {
			isa = XCConfigurationList;
			buildConfigurations = (
				1C73207924C4F44200240AF8 /* Debug */,
				1C73207A24C4F44200240AF8 /* Release */,
			);
			defaultConfigurationIsVisible = 0;
			defaultConfigurationName = Release;
		};
		1C73207B24C4F44200240AF8 /* Build configuration list for PBXNativeTarget "crosswords" */ = {
			isa = XCConfigurationList;
			buildConfigurations = (
				1C73207C24C4F44200240AF8 /* Debug */,
				1C73207D24C4F44200240AF8 /* Release */,
			);
			defaultConfigurationIsVisible = 0;
			defaultConfigurationName = Release;
		};
/* End XCConfigurationList section */

/* Begin XCVersionGroup section */
		1C73206B24C4F44000240AF8 /* crosswords.xcdatamodeld */ = {
			isa = XCVersionGroup;
			children = (
				1C73206C24C4F44000240AF8 /* crosswords.xcdatamodel */,
			);
			currentVersion = 1C73206C24C4F44000240AF8 /* crosswords.xcdatamodel */;
			path = crosswords.xcdatamodeld;
			sourceTree = "<group>";
			versionGroupType = wrapper.xcdatamodel;
		};
/* End XCVersionGroup section */
	};
	rootObject = 1C73205C24C4F44000240AF8 /* Project object */;
}
